{
  "pins" : [
    {
      "identity" : "multipeer",
      "kind" : "remoteSourceControl",
      "location" : "https://github.com/dingwilson/MultiPeer",
      "state" : {
        "revision" : "77914e66c16088f8dbf153423d2dafc288d8bcb7",
        "version" : "0.2.0"
      }
    },
    {
      "identity" : "swiftybluetooth",
      "kind" : "remoteSourceControl",
      "location" : "https://github.com/jordanebelanger/SwiftyBluetooth",
      "state" : {
        "revision" : "7f279a22db5d66a6214c18352f7c531cfeb804fb",
        "version" : "3.0.1"
      }
    }
  ],
  "version" : 2
}
